
Microsoft Visual Studio Solution File, Format Version 12.00
# Visual Studio 14
VisualStudioVersion = 14.0.25420.1
MinimumVisualStudioVersion = 10.0.40219.1
Project("{FAE04EC0-301F-11D3-BF4B-00C04F79EFBC}") = "AradMain", "AradMain\AradMain.csproj", "{1023799A-B0F5-4794-810D-7AAF9AA50F35}"
EndProject
Project("{2150E333-8FDC-42A3-9474-1A3956D46DE8}") = "Plugins", "Plugins", "{9CF501C9-EB98-4B9A-A7CA-30C31DCF59AC}"
EndProject
Project("{FAE04EC0-301F-11D3-BF4B-00C04F79EFBC}") = "BlogPlugin", "Plugins\BlogPlugin\BlogPlugin.csproj", "{9F471865-0E12-4D07-9A54-34B67761EB7B}"
EndProject
Project("{FAE04EC0-301F-11D3-BF4B-00C04F79EFBC}") = "CommonInfoPlugin", "Plugins\CommonInfoPlugin\CommonInfoPlugin.csproj", "{8F74B8B8-EEE7-4FAA-A4DA-CC86C19B010E}"
EndProject
Project("{FAE04EC0-301F-11D3-BF4B-00C04F79EFBC}") = "ControlPannel", "Plugins\ControlPannel\ControlPannel.csproj", "{2DB739D2-65FE-4DA8-84D3-4F987398F708}"
EndProject
Project("{FAE04EC0-301F-11D3-BF4B-00C04F79EFBC}") = "SliderPlugin", "Plugins\SliderPlugin\SliderPlugin.csproj", "{2C31C9CA-9CE2-46B2-B3E4-5EC9F2BA80C1}"
EndProject
Project("{FAE04EC0-301F-11D3-BF4B-00C04F79EFBC}") = "PortfoiloPlugin", "Plugins\PortfoiloPlugin\PortfoiloPlugin.csproj", "{E49F512A-F982-4769-8419-5F33AA728EA9}"
EndProject
Project("{FAE04EC0-301F-11D3-BF4B-00C04F79EFBC}") = "ProductsPlugin", "Plugins\ProductsPlugin\ProductsPlugin.csproj", "{EE14BCB8-CEA2-496C-B712-EF0762BDD0DB}"
EndProject
Project("{FAE04EC0-301F-11D3-BF4B-00C04F79EFBC}") = "FormPlugin", "Plugins\FormPlugin\FormPlugin.csproj", "{D1F128EA-90AD-4586-8CA0-9F8FD702589F}"
EndProject
Project("{2150E333-8FDC-42A3-9474-1A3956D46DE8}") = "Core", "Core", "{02FF2F21-E754-4D59-854F-76BFFE3E233A}"
EndProject
Project("{FAE04EC0-301F-11D3-BF4B-00C04F79EFBC}") = "AradCms.Core", "Core\AradCms.Core\AradCms.Core.csproj", "{ADB5FDBD-D417-46A7-B60B-E04073CBDFDB}"
EndProject
Global
	GlobalSection(SolutionConfigurationPlatforms) = preSolution
		Debug|Any CPU = Debug|Any CPU
		Release|Any CPU = Release|Any CPU
	EndGlobalSection
	GlobalSection(ProjectConfigurationPlatforms) = postSolution
		{1023799A-B0F5-4794-810D-7AAF9AA50F35}.Debug|Any CPU.ActiveCfg = Debug|Any CPU
		{1023799A-B0F5-4794-810D-7AAF9AA50F35}.Debug|Any CPU.Build.0 = Debug|Any CPU
		{1023799A-B0F5-4794-810D-7AAF9AA50F35}.Release|Any CPU.ActiveCfg = Release|Any CPU
		{1023799A-B0F5-4794-810D-7AAF9AA50F35}.Release|Any CPU.Build.0 = Release|Any CPU
		{9F471865-0E12-4D07-9A54-34B67761EB7B}.Debug|Any CPU.ActiveCfg = Debug|Any CPU
		{9F471865-0E12-4D07-9A54-34B67761EB7B}.Debug|Any CPU.Build.0 = Debug|Any CPU
		{9F471865-0E12-4D07-9A54-34B67761EB7B}.Release|Any CPU.ActiveCfg = Release|Any CPU
		{9F471865-0E12-4D07-9A54-34B67761EB7B}.Release|Any CPU.Build.0 = Release|Any CPU
		{8F74B8B8-EEE7-4FAA-A4DA-CC86C19B010E}.Debug|Any CPU.ActiveCfg = Debug|Any CPU
		{8F74B8B8-EEE7-4FAA-A4DA-CC86C19B010E}.Debug|Any CPU.Build.0 = Debug|Any CPU
		{8F74B8B8-EEE7-4FAA-A4DA-CC86C19B010E}.Release|Any CPU.ActiveCfg = Release|Any CPU
		{8F74B8B8-EEE7-4FAA-A4DA-CC86C19B010E}.Release|Any CPU.Build.0 = Release|Any CPU
		{2DB739D2-65FE-4DA8-84D3-4F987398F708}.Debug|Any CPU.ActiveCfg = Debug|Any CPU
		{2DB739D2-65FE-4DA8-84D3-4F987398F708}.Debug|Any CPU.Build.0 = Debug|Any CPU
		{2DB739D2-65FE-4DA8-84D3-4F987398F708}.Release|Any CPU.ActiveCfg = Release|Any CPU
		{2DB739D2-65FE-4DA8-84D3-4F987398F708}.Release|Any CPU.Build.0 = Release|Any CPU
		{2C31C9CA-9CE2-46B2-B3E4-5EC9F2BA80C1}.Debug|Any CPU.ActiveCfg = Debug|Any CPU
		{2C31C9CA-9CE2-46B2-B3E4-5EC9F2BA80C1}.Debug|Any CPU.Build.0 = Debug|Any CPU
		{2C31C9CA-9CE2-46B2-B3E4-5EC9F2BA80C1}.Release|Any CPU.ActiveCfg = Release|Any CPU
		{2C31C9CA-9CE2-46B2-B3E4-5EC9F2BA80C1}.Release|Any CPU.Build.0 = Release|Any CPU
		{E49F512A-F982-4769-8419-5F33AA728EA9}.Debug|Any CPU.ActiveCfg = Debug|Any CPU
		{E49F512A-F982-4769-8419-5F33AA728EA9}.Debug|Any CPU.Build.0 = Debug|Any CPU
		{E49F512A-F982-4769-8419-5F33AA728EA9}.Release|Any CPU.ActiveCfg = Release|Any CPU
		{E49F512A-F982-4769-8419-5F33AA728EA9}.Release|Any CPU.Build.0 = Release|Any CPU
		{EE14BCB8-CEA2-496C-B712-EF0762BDD0DB}.Debug|Any CPU.ActiveCfg = Debug|Any CPU
		{EE14BCB8-CEA2-496C-B712-EF0762BDD0DB}.Debug|Any CPU.Build.0 = Debug|Any CPU
		{EE14BCB8-CEA2-496C-B712-EF0762BDD0DB}.Release|Any CPU.ActiveCfg = Release|Any CPU
		{EE14BCB8-CEA2-496C-B712-EF0762BDD0DB}.Release|Any CPU.Build.0 = Release|Any CPU
		{D1F128EA-90AD-4586-8CA0-9F8FD702589F}.Debug|Any CPU.ActiveCfg = Debug|Any CPU
		{D1F128EA-90AD-4586-8CA0-9F8FD702589F}.Debug|Any CPU.Build.0 = Debug|Any CPU
		{D1F128EA-90AD-4586-8CA0-9F8FD702589F}.Release|Any CPU.ActiveCfg = Release|Any CPU
		{D1F128EA-90AD-4586-8CA0-9F8FD702589F}.Release|Any CPU.Build.0 = Release|Any CPU
		{ADB5FDBD-D417-46A7-B60B-E04073CBDFDB}.Debug|Any CPU.ActiveCfg = Debug|Any CPU
		{ADB5FDBD-D417-46A7-B60B-E04073CBDFDB}.Debug|Any CPU.Build.0 = Debug|Any CPU
		{ADB5FDBD-D417-46A7-B60B-E04073CBDFDB}.Release|Any CPU.ActiveCfg = Release|Any CPU
		{ADB5FDBD-D417-46A7-B60B-E04073CBDFDB}.Release|Any CPU.Build.0 = Release|Any CPU
	EndGlobalSection
	GlobalSection(SolutionProperties) = preSolution
		HideSolutionNode = FALSE
	EndGlobalSection
	GlobalSection(NestedProjects) = preSolution
		{9F471865-0E12-4D07-9A54-34B67761EB7B} = {9CF501C9-EB98-4B9A-A7CA-30C31DCF59AC}
		{8F74B8B8-EEE7-4FAA-A4DA-CC86C19B010E} = {9CF501C9-EB98-4B9A-A7CA-30C31DCF59AC}
		{2DB739D2-65FE-4DA8-84D3-4F987398F708} = {9CF501C9-EB98-4B9A-A7CA-30C31DCF59AC}
		{2C31C9CA-9CE2-46B2-B3E4-5EC9F2BA80C1} = {9CF501C9-EB98-4B9A-A7CA-30C31DCF59AC}
		{E49F512A-F982-4769-8419-5F33AA728EA9} = {9CF501C9-EB98-4B9A-A7CA-30C31DCF59AC}
		{EE14BCB8-CEA2-496C-B712-EF0762BDD0DB} = {9CF501C9-EB98-4B9A-A7CA-30C31DCF59AC}
		{D1F128EA-90AD-4586-8CA0-9F8FD702589F} = {9CF501C9-EB98-4B9A-A7CA-30C31DCF59AC}
		{ADB5FDBD-D417-46A7-B60B-E04073CBDFDB} = {02FF2F21-E754-4D59-854F-76BFFE3E233A}
	EndGlobalSection
EndGlobal
